<Solution>
  <Project Path="TwitterClone.Api/TwitterClone.Api.csproj" Id="2767e3ce-84ca-42ab-90b3-e8c8eadd8048" />
  <Project Path="TwitterClone.Domain/TwitterClone.Domain.csproj" />
  <Project Path="TwitterClone.test/TwitterClone.test.csproj" Id="4b86aaeb-f6da-4e1d-9777-baf537a356e3" />
</Solution>
